GEM
  remote: https://rubygems.org/
  specs:
    base64 (0.3.0)
    bson (5.2.0)
    kgio (2.11.4)
    mongo (2.22.0)
      base64
      bson (>= 4.14.1, < 6.0.0)
    mustermann (3.0.4)
      ruby2_keywords (~> 0.0.1)
    rack (2.2.21)
    rack-protection (3.2.0)
      base64 (>= 0.1.0)
      rack (~> 2.2, >= 2.2.4)
    raindrops (0.20.1)
    ruby2_keywords (0.0.5)
    sinatra (3.2.0)
      mustermann (~> 3.0)
      rack (~> 2.2, >= 2.2.4)
      rack-protection (= 3.2.0)
      tilt (~> 2.0)
    tilt (2.7.0)
    unicorn (6.1.0)
      kgio (~> 2.6)
      raindrops (~> 0.7)

PLATFORMS
  ruby
  x86_64-linux-gnu

DEPENDENCIES
  mongo (~> 2.13)
  rack (~> 2.2)
  sinatra (~> 3.0)
  unicorn (~> 6.1)

CHECKSUMS
  base64 (0.3.0) sha256=27337aeabad6ffae05c265c450490628ef3ebd4b67be58257393227588f5a97b
  bson (5.2.0) sha256=c468c1e8a3cfa1e80531cc519a890f85586986721d8e305f83465cc36bb82608
  kgio (2.11.4) sha256=bda7a2146115998a5b07154e708e0ac02c38dcee7e793c33e2e14f600fdfffc6
  mongo (2.22.0) sha256=8eff6211f3bb29b7461e4ff6f35d1422f3966fa072c5423888b5271b8c09b6bb
  mustermann (3.0.4) sha256=85fadcb6b3c6493a8b511b42426f904b7f27b282835502233dd154daab13aa22
  rack (2.2.21) sha256=14e2f72f0765455fe424ff601588ac5ce84e95784f59e99251ffe1527152f739
  rack-protection (3.2.0) sha256=3c74ba7fc59066453d61af9bcba5b6fe7a9b3dab6f445418d3b391d5ea8efbff
  raindrops (0.20.1) sha256=aa0eb9ff6834f2d9e232ba688bd49cb30be893bc5a3452e74722c94c1fab4730
  ruby2_keywords (0.0.5) sha256=ffd13740c573b7301cf7a2e61fc857b2a8e3d3aff32545d6f8300d8bae10e3ef
  sinatra (3.2.0) sha256=6e727f4d034e87067d9aab37f328021d7c16722ffd293ef07b6e968915109807
  tilt (2.7.0) sha256=0d5b9ba69f6a36490c64b0eee9f6e9aad517e20dcc848800a06eb116f08c6ab3
  unicorn (6.1.0) sha256=45dd987add4c2b084c1880a68373af42797a704ad7441faff9b14b4982aa0fc0

RUBY VERSION
  ruby 3.2.3

BUNDLED WITH
  4.0.3
