GEM
  remote: https://rubygems.org/
  specs:
    base64 (0.3.0)
    bson (5.2.0)
    kgio (2.11.4)
    mongo (2.22.0)
      base64
      bson (>= 4.14.1, < 6.0.0)
    mustermann (3.0.4)
      ruby2_keywords (~> 0.0.1)
    rack (2.2.21)
    rack-protection (3.2.0)
      base64 (>= 0.1.0)
      rack (~> 2.2, >= 2.2.4)
    raindrops (0.20.1)
    ruby2_keywords (0.0.5)
    sinatra (3.2.0)
      mustermann (~> 3.0)
      rack (~> 2.2, >= 2.2.4)
      rack-protection (= 3.2.0)
      tilt (~> 2.0)
    tilt (2.7.0)
    unicorn (6.1.0)
      kgio (~> 2.6)
      raindrops (~> 0.7)

PLATFORMS
  x86_64-linux-gnu

DEPENDENCIES
  mongo (~> 2.13)
  rack (~> 2.2)
  sinatra (~> 3.0)
  unicorn (~> 6.1)

RUBY VERSION
   ruby 3.2.3p157

BUNDLED WITH
   2.3.27
